// !$*UTF8*$!
{
	archiveVersion = 1;
	classes = {
	};
	objectVersion = 77;
	objects = {

/* Begin PBXBuildFile section */
		0248CFA0FA7123B8C9596298 /* PlayerControlsView.swift in Sources */ = {isa = PBXBuildFile; fileRef = 4A43BE603C341E35DC1F6098 /* PlayerControlsView.swift */; };
		086E4B2852C8899E5A0561C1 /* APIKeyStore.swift in Sources */ = {isa = PBXBuildFile; fileRef = CD41A7EC2FAEB6B770FEAF97 /* APIKeyStore.swift */; };
		0A12186EE6797A6C90A1B730 /* TTSService.swift in Sources */ = {isa = PBXBuildFile; fileRef = 6E256E6CCDE2AEAAF6B3AB70 /* TTSService.swift */; };
		0AD8894EC80AE2D3DD685F60 /* GeminiClient.swift in Sources */ = {isa = PBXBuildFile; fileRef = DAFE44139FA1FBDE61B2005D /* GeminiClient.swift */; };
		16AB2D985B5CADBF4265660A /* ReaderView.swift in Sources */ = {isa = PBXBuildFile; fileRef = C194F02A0C11632EA7A9FFC4 /* ReaderView.swift */; };
		1AC776824B726B0701021316 /* ScriptGenerator.swift in Sources */ = {isa = PBXBuildFile; fileRef = D4965F21F7F27AEDDCF5D65E /* ScriptGenerator.swift */; };
		1B4C7AECE694635FF099B414 /* PaperCardView.swift in Sources */ = {isa = PBXBuildFile; fileRef = ED1D3E847DC9680F416DE8E1 /* PaperCardView.swift */; };
		217DAF42DBAB30E6907F6261 /* PaperStore.swift in Sources */ = {isa = PBXBuildFile; fileRef = C33EB40BF4C1A2C1E17E17B6 /* PaperStore.swift */; };
		2ABE5FC46FF38DC73DDEAC8D /* AudioCache.swift in Sources */ = {isa = PBXBuildFile; fileRef = E96CD3B8F231ADDA85C0EED6 /* AudioCache.swift */; };
		6C4CE206F519E5367C405E87 /* ScreenshotTests.swift in Sources */ = {isa = PBXBuildFile; fileRef = E1793F5F09B8A496BD7799B9 /* ScreenshotTests.swift */; };
		6DBC30E0B3F5F4DEE01F4D2C /* HomeView.swift in Sources */ = {isa = PBXBuildFile; fileRef = ADFD5505FDB15E2C46F6AF8F /* HomeView.swift */; };
		7F1B7B691677DA793EB9722C /* GlassStyle.swift in Sources */ = {isa = PBXBuildFile; fileRef = 9E1B350058D23960F6D81FB1 /* GlassStyle.swift */; };
		80F395E442AEE497FC43B188 /* PaperReaderApp.swift in Sources */ = {isa = PBXBuildFile; fileRef = 9754327B72C0E55BE52C68EE /* PaperReaderApp.swift */; };
		8C12B4DD6C874609067F88AB /* Paper.swift in Sources */ = {isa = PBXBuildFile; fileRef = 7310DD50DF0ECE7C7A05E66F /* Paper.swift */; };
		A0D849C931220891AE7D5753 /* PDFTextExtractor.swift in Sources */ = {isa = PBXBuildFile; fileRef = 971075AB06D3A0E46F791C84 /* PDFTextExtractor.swift */; };
		A56C74B3C4AB2497BAE778CD /* SettingsView.swift in Sources */ = {isa = PBXBuildFile; fileRef = 2463508E524E3D2944C6EED8 /* SettingsView.swift */; };
		B33380F9127B6F863B692B4A /* TTSPrefetcher.swift in Sources */ = {isa = PBXBuildFile; fileRef = 0BFCBEAB1D49081B99885500 /* TTSPrefetcher.swift */; };
		B8530E491766E035E167B10C /* RawTextView.swift in Sources */ = {isa = PBXBuildFile; fileRef = F555CC85863DB43D6E3E217A /* RawTextView.swift */; };
		BAF4F2AD8BA8946C8003F3FE /* MiniPlayerView.swift in Sources */ = {isa = PBXBuildFile; fileRef = 6085F355DA573175914476F0 /* MiniPlayerView.swift */; };
		C37508861EE3367560FC3045 /* Assets.xcassets in Resources */ = {isa = PBXBuildFile; fileRef = 3E0A860963CAD1B3F635CE2F /* Assets.xcassets */; };
		C56919593E2E0288CA74FC28 /* SentenceSegmenter.swift in Sources */ = {isa = PBXBuildFile; fileRef = 53FABB45AB1AAE359677CD44 /* SentenceSegmenter.swift */; };
		C56CE9A45696EC52CEABDCBB /* APIKeySetupView.swift in Sources */ = {isa = PBXBuildFile; fileRef = A60E36E9F7E5CADA70A99CA2 /* APIKeySetupView.swift */; };
		CE82D21698A82754C611313A /* AppConfig.swift in Sources */ = {isa = PBXBuildFile; fileRef = B5FDC2408B8B9E05A2FD3A5D /* AppConfig.swift */; };
		F11656351C64237431C61C78 /* PlayerService.swift in Sources */ = {isa = PBXBuildFile; fileRef = AD526CADE2229E90D80931BC /* PlayerService.swift */; };
		F2BA1513228BF20B60A692D0 /* PrivacyInfo.xcprivacy in Resources */ = {isa = PBXBuildFile; fileRef = F69EDDCFAF5C18CC298AE8BC /* PrivacyInfo.xcprivacy */; };
/* End PBXBuildFile section */

/* Begin PBXContainerItemProxy section */
		A90AC765A31F84A50931F73E /* PBXContainerItemProxy */ = {
			isa = PBXContainerItemProxy;
			containerPortal = 881748060D3D0F573A304C5C /* Project object */;
			proxyType = 1;
			remoteGlobalIDString = 84F6817D55EEA4B25E84B36D;
			remoteInfo = PaperReader;
		};
/* End PBXContainerItemProxy section */

/* Begin PBXFileReference section */
		0BFCBEAB1D49081B99885500 /* TTSPrefetcher.swift */ = {isa = PBXFileReference; lastKnownFileType = sourcecode.swift; path = TTSPrefetcher.swift; sourceTree = "<group>"; };
		2463508E524E3D2944C6EED8 /* SettingsView.swift */ = {isa = PBXFileReference; lastKnownFileType = sourcecode.swift; path = SettingsView.swift; sourceTree = "<group>"; };
		3E0A860963CAD1B3F635CE2F /* Assets.xcassets */ = {isa = PBXFileReference; lastKnownFileType = folder.assetcatalog; path = Assets.xcassets; sourceTree = "<group>"; };
		4A43BE603C341E35DC1F6098 /* PlayerControlsView.swift */ = {isa = PBXFileReference; lastKnownFileType = sourcecode.swift; path = PlayerControlsView.swift; sourceTree = "<group>"; };
		53FABB45AB1AAE359677CD44 /* SentenceSegmenter.swift */ = {isa = PBXFileReference; lastKnownFileType = sourcecode.swift; path = SentenceSegmenter.swift; sourceTree = "<group>"; };
		5702D29E675B9E394296BC70 /* Info.plist */ = {isa = PBXFileReference; lastKnownFileType = text.plist; path = Info.plist; sourceTree = "<group>"; };
		6085F355DA573175914476F0 /* MiniPlayerView.swift */ = {isa = PBXFileReference; lastKnownFileType = sourcecode.swift; path = MiniPlayerView.swift; sourceTree = "<group>"; };
		6E256E6CCDE2AEAAF6B3AB70 /* TTSService.swift */ = {isa = PBXFileReference; lastKnownFileType = sourcecode.swift; path = TTSService.swift; sourceTree = "<group>"; };
		7310DD50DF0ECE7C7A05E66F /* Paper.swift */ = {isa = PBXFileReference; lastKnownFileType = sourcecode.swift; path = Paper.swift; sourceTree = "<group>"; };
		86683C37CFB8D683C7EEAA0B /* PaperReader.app */ = {isa = PBXFileReference; includeInIndex = 0; lastKnownFileType = wrapper.application; path = PaperReader.app; sourceTree = BUILT_PRODUCTS_DIR; };
		971075AB06D3A0E46F791C84 /* PDFTextExtractor.swift */ = {isa = PBXFileReference; lastKnownFileType = sourcecode.swift; path = PDFTextExtractor.swift; sourceTree = "<group>"; };
		9754327B72C0E55BE52C68EE /* PaperReaderApp.swift */ = {isa = PBXFileReference; lastKnownFileType = sourcecode.swift; path = PaperReaderApp.swift; sourceTree = "<group>"; };
		9E1B350058D23960F6D81FB1 /* GlassStyle.swift */ = {isa = PBXFileReference; lastKnownFileType = sourcecode.swift; path = GlassStyle.swift; sourceTree = "<group>"; };
		A60E36E9F7E5CADA70A99CA2 /* APIKeySetupView.swift */ = {isa = PBXFileReference; lastKnownFileType = sourcecode.swift; path = APIKeySetupView.swift; sourceTree = "<group>"; };
		AD526CADE2229E90D80931BC /* PlayerService.swift */ = {isa = PBXFileReference; lastKnownFileType = sourcecode.swift; path = PlayerService.swift; sourceTree = "<group>"; };
		ADFD5505FDB15E2C46F6AF8F /* HomeView.swift */ = {isa = PBXFileReference; lastKnownFileType = sourcecode.swift; path = HomeView.swift; sourceTree = "<group>"; };
		B5FDC2408B8B9E05A2FD3A5D /* AppConfig.swift */ = {isa = PBXFileReference; lastKnownFileType = sourcecode.swift; path = AppConfig.swift; sourceTree = "<group>"; };
		C194F02A0C11632EA7A9FFC4 /* ReaderView.swift */ = {isa = PBXFileReference; lastKnownFileType = sourcecode.swift; path = ReaderView.swift; sourceTree = "<group>"; };
		C33EB40BF4C1A2C1E17E17B6 /* PaperStore.swift */ = {isa = PBXFileReference; lastKnownFileType = sourcecode.swift; path = PaperStore.swift; sourceTree = "<group>"; };
		CD41A7EC2FAEB6B770FEAF97 /* APIKeyStore.swift */ = {isa = PBXFileReference; lastKnownFileType = sourcecode.swift; path = APIKeyStore.swift; sourceTree = "<group>"; };
		D4965F21F7F27AEDDCF5D65E /* ScriptGenerator.swift */ = {isa = PBXFileReference; lastKnownFileType = sourcecode.swift; path = ScriptGenerator.swift; sourceTree = "<group>"; };
		DAFE44139FA1FBDE61B2005D /* GeminiClient.swift */ = {isa = PBXFileReference; lastKnownFileType = sourcecode.swift; path = GeminiClient.swift; sourceTree = "<group>"; };
		E1793F5F09B8A496BD7799B9 /* ScreenshotTests.swift */ = {isa = PBXFileReference; lastKnownFileType = sourcecode.swift; path = ScreenshotTests.swift; sourceTree = "<group>"; };
		E96CD3B8F231ADDA85C0EED6 /* AudioCache.swift */ = {isa = PBXFileReference; lastKnownFileType = sourcecode.swift; path = AudioCache.swift; sourceTree = "<group>"; };
		ED1D3E847DC9680F416DE8E1 /* PaperCardView.swift */ = {isa = PBXFileReference; lastKnownFileType = sourcecode.swift; path = PaperCardView.swift; sourceTree = "<group>"; };
		F555CC85863DB43D6E3E217A /* RawTextView.swift */ = {isa = PBXFileReference; lastKnownFileType = sourcecode.swift; path = RawTextView.swift; sourceTree = "<group>"; };
		F69EDDCFAF5C18CC298AE8BC /* PrivacyInfo.xcprivacy */ = {isa = PBXFileReference; path = PrivacyInfo.xcprivacy; sourceTree = "<group>"; };
		F6DCD57DED894A8A4771ADFD /* PaperReaderUITests.xctest */ = {isa = PBXFileReference; includeInIndex = 0; lastKnownFileType = wrapper.cfbundle; path = PaperReaderUITests.xctest; sourceTree = BUILT_PRODUCTS_DIR; };
/* End PBXFileReference section */

/* Begin PBXGroup section */
		1DB2D530D1EB3E0201D37012 = {
			isa = PBXGroup;
			children = (
				45CD5161784A76C41FD37CF1 /* PaperReader */,
				98B9ADCF67C1ABECDA3B0615 /* PaperReaderUITests */,
				332F82572F781AF3D2AE43E1 /* Products */,
			);
			sourceTree = "<group>";
		};
		1DF097E0B2430EA6EF49BE11 /* App */ = {
			isa = PBXGroup;
			children = (
				B5FDC2408B8B9E05A2FD3A5D /* AppConfig.swift */,
				9754327B72C0E55BE52C68EE /* PaperReaderApp.swift */,
			);
			path = App;
			sourceTree = "<group>";
		};
		332F82572F781AF3D2AE43E1 /* Products */ = {
			isa = PBXGroup;
			children = (
				86683C37CFB8D683C7EEAA0B /* PaperReader.app */,
				F6DCD57DED894A8A4771ADFD /* PaperReaderUITests.xctest */,
			);
			name = Products;
			sourceTree = "<group>";
		};
		35B7D0A7ACB578699A74FB79 /* Resources */ = {
			isa = PBXGroup;
			children = (
				3E0A860963CAD1B3F635CE2F /* Assets.xcassets */,
				F69EDDCFAF5C18CC298AE8BC /* PrivacyInfo.xcprivacy */,
			);
			path = Resources;
			sourceTree = "<group>";
		};
		3D2FE5B2515F9F01118BB807 /* Models */ = {
			isa = PBXGroup;
			children = (
				7310DD50DF0ECE7C7A05E66F /* Paper.swift */,
			);
			path = Models;
			sourceTree = "<group>";
		};
		45CD5161784A76C41FD37CF1 /* PaperReader */ = {
			isa = PBXGroup;
			children = (
				1DF097E0B2430EA6EF49BE11 /* App */,
				3D2FE5B2515F9F01118BB807 /* Models */,
				35B7D0A7ACB578699A74FB79 /* Resources */,
				702C3181C14E57C652EFAFEF /* Services */,
				A257B573701690F4407A06D5 /* Support */,
				CD718B6BE11041A45A291C40 /* Views */,
			);
			path = PaperReader;
			sourceTree = "<group>";
		};
		702C3181C14E57C652EFAFEF /* Services */ = {
			isa = PBXGroup;
			children = (
				CD41A7EC2FAEB6B770FEAF97 /* APIKeyStore.swift */,
				E96CD3B8F231ADDA85C0EED6 /* AudioCache.swift */,
				DAFE44139FA1FBDE61B2005D /* GeminiClient.swift */,
				C33EB40BF4C1A2C1E17E17B6 /* PaperStore.swift */,
				971075AB06D3A0E46F791C84 /* PDFTextExtractor.swift */,
				AD526CADE2229E90D80931BC /* PlayerService.swift */,
				D4965F21F7F27AEDDCF5D65E /* ScriptGenerator.swift */,
				53FABB45AB1AAE359677CD44 /* SentenceSegmenter.swift */,
				0BFCBEAB1D49081B99885500 /* TTSPrefetcher.swift */,
				6E256E6CCDE2AEAAF6B3AB70 /* TTSService.swift */,
			);
			path = Services;
			sourceTree = "<group>";
		};
		98B9ADCF67C1ABECDA3B0615 /* PaperReaderUITests */ = {
			isa = PBXGroup;
			children = (
				E1793F5F09B8A496BD7799B9 /* ScreenshotTests.swift */,
			);
			path = PaperReaderUITests;
			sourceTree = "<group>";
		};
		A257B573701690F4407A06D5 /* Support */ = {
			isa = PBXGroup;
			children = (
				5702D29E675B9E394296BC70 /* Info.plist */,
			);
			path = Support;
			sourceTree = "<group>";
		};
		CD718B6BE11041A45A291C40 /* Views */ = {
			isa = PBXGroup;
			children = (
				A60E36E9F7E5CADA70A99CA2 /* APIKeySetupView.swift */,
				9E1B350058D23960F6D81FB1 /* GlassStyle.swift */,
				ADFD5505FDB15E2C46F6AF8F /* HomeView.swift */,
				6085F355DA573175914476F0 /* MiniPlayerView.swift */,
				ED1D3E847DC9680F416DE8E1 /* PaperCardView.swift */,
				4A43BE603C341E35DC1F6098 /* PlayerControlsView.swift */,
				F555CC85863DB43D6E3E217A /* RawTextView.swift */,
				C194F02A0C11632EA7A9FFC4 /* ReaderView.swift */,
				2463508E524E3D2944C6EED8 /* SettingsView.swift */,
			);
			path = Views;
			sourceTree = "<group>";
		};
/* End PBXGroup section */

/* Begin PBXNativeTarget section */
		84F6817D55EEA4B25E84B36D /* PaperReader */ = {
			isa = PBXNativeTarget;
			buildConfigurationList = BAB1BBE9C4FA5133569B89C3 /* Build configuration list for PBXNativeTarget "PaperReader" */;
			buildPhases = (
				1D4B87CDED89B08EF8F91F8B /* Sources */,
				D2DF94A792D51E839B7EA229 /* Resources */,
			);
			buildRules = (
			);
			dependencies = (
			);
			name = PaperReader;
			packageProductDependencies = (
			);
			productName = PaperReader;
			productReference = 86683C37CFB8D683C7EEAA0B /* PaperReader.app */;
			productType = "com.apple.product-type.application";
		};
		8E9AB67C03324B7BE2ADEC6F /* PaperReaderUITests */ = {
			isa = PBXNativeTarget;
			buildConfigurationList = 8B5144D345A5F34D32ABC3A8 /* Build configuration list for PBXNativeTarget "PaperReaderUITests" */;
			buildPhases = (
				D13FAAC05FC70A61D81541DE /* Sources */,
			);
			buildRules = (
			);
			dependencies = (
				5C546B895EA00584BC5F16EF /* PBXTargetDependency */,
			);
			name = PaperReaderUITests;
			packageProductDependencies = (
			);
			productName = PaperReaderUITests;
			productReference = F6DCD57DED894A8A4771ADFD /* PaperReaderUITests.xctest */;
			productType = "com.apple.product-type.bundle.ui-testing";
		};
/* End PBXNativeTarget section */

/* Begin PBXProject section */
		881748060D3D0F573A304C5C /* Project object */ = {
			isa = PBXProject;
			attributes = {
				BuildIndependentTargetsInParallel = YES;
				LastUpgradeCheck = 1430;
				TargetAttributes = {
					84F6817D55EEA4B25E84B36D = {
						DevelopmentTeam = 42WF5JQ74Y;
						ProvisioningStyle = Automatic;
					};
					8E9AB67C03324B7BE2ADEC6F = {
						DevelopmentTeam = 42WF5JQ74Y;
						ProvisioningStyle = Automatic;
						TestTargetID = 84F6817D55EEA4B25E84B36D;
					};
				};
			};
			buildConfigurationList = 5CC64B98EBF78C2716057410 /* Build configuration list for PBXProject "PaperReader" */;
			developmentRegion = en;
			hasScannedForEncodings = 0;
			knownRegions = (
				Base,
				en,
			);
			mainGroup = 1DB2D530D1EB3E0201D37012;
			minimizedProjectReferenceProxies = 1;
			preferredProjectObjectVersion = 77;
			productRefGroup = 332F82572F781AF3D2AE43E1 /* Products */;
			projectDirPath = "";
			projectRoot = "";
			targets = (
				84F6817D55EEA4B25E84B36D /* PaperReader */,
				8E9AB67C03324B7BE2ADEC6F /* PaperReaderUITests */,
			);
		};
/* End PBXProject section */

/* Begin PBXResourcesBuildPhase section */
		D2DF94A792D51E839B7EA229 /* Resources */ = {
			isa = PBXResourcesBuildPhase;
			buildActionMask = 2147483647;
			files = (
				C37508861EE3367560FC3045 /* Assets.xcassets in Resources */,
				F2BA1513228BF20B60A692D0 /* PrivacyInfo.xcprivacy in Resources */,
			);
			runOnlyForDeploymentPostprocessing = 0;
		};
/* End PBXResourcesBuildPhase section */

/* Begin PBXSourcesBuildPhase section */
		1D4B87CDED89B08EF8F91F8B /* Sources */ = {
			isa = PBXSourcesBuildPhase;
			buildActionMask = 2147483647;
			files = (
				C56CE9A45696EC52CEABDCBB /* APIKeySetupView.swift in Sources */,
				086E4B2852C8899E5A0561C1 /* APIKeyStore.swift in Sources */,
				CE82D21698A82754C611313A /* AppConfig.swift in Sources */,
				2ABE5FC46FF38DC73DDEAC8D /* AudioCache.swift in Sources */,
				0AD8894EC80AE2D3DD685F60 /* GeminiClient.swift in Sources */,
				7F1B7B691677DA793EB9722C /* GlassStyle.swift in Sources */,
				6DBC30E0B3F5F4DEE01F4D2C /* HomeView.swift in Sources */,
				BAF4F2AD8BA8946C8003F3FE /* MiniPlayerView.swift in Sources */,
				A0D849C931220891AE7D5753 /* PDFTextExtractor.swift in Sources */,
				8C12B4DD6C874609067F88AB /* Paper.swift in Sources */,
				1B4C7AECE694635FF099B414 /* PaperCardView.swift in Sources */,
				80F395E442AEE497FC43B188 /* PaperReaderApp.swift in Sources */,
				217DAF42DBAB30E6907F6261 /* PaperStore.swift in Sources */,
				0248CFA0FA7123B8C9596298 /* PlayerControlsView.swift in Sources */,
				F11656351C64237431C61C78 /* PlayerService.swift in Sources */,
				B8530E491766E035E167B10C /* RawTextView.swift in Sources */,
				16AB2D985B5CADBF4265660A /* ReaderView.swift in Sources */,
				1AC776824B726B0701021316 /* ScriptGenerator.swift in Sources */,
				C56919593E2E0288CA74FC28 /* SentenceSegmenter.swift in Sources */,
				A56C74B3C4AB2497BAE778CD /* SettingsView.swift in Sources */,
				B33380F9127B6F863B692B4A /* TTSPrefetcher.swift in Sources */,
				0A12186EE6797A6C90A1B730 /* TTSService.swift in Sources */,
			);
			runOnlyForDeploymentPostprocessing = 0;
		};
		D13FAAC05FC70A61D81541DE /* Sources */ = {
			isa = PBXSourcesBuildPhase;
			buildActionMask = 2147483647;
			files = (
				6C4CE206F519E5367C405E87 /* ScreenshotTests.swift in Sources */,
			);
			runOnlyForDeploymentPostprocessing = 0;
		};
/* End PBXSourcesBuildPhase section */

/* Begin PBXTargetDependency section */
		5C546B895EA00584BC5F16EF /* PBXTargetDependency */ = {
			isa = PBXTargetDependency;
			target = 84F6817D55EEA4B25E84B36D /* PaperReader */;
			targetProxy = A90AC765A31F84A50931F73E /* PBXContainerItemProxy */;
		};
/* End PBXTargetDependency section */

/* Begin XCBuildConfiguration section */
		176867FAE6740ECFF9E28A20 /* Release */ = {
			isa = XCBuildConfiguration;
			buildSettings = {
				ALWAYS_SEARCH_USER_PATHS = NO;
				CLANG_ANALYZER_NONNULL = YES;
				CLANG_ANALYZER_NUMBER_OBJECT_CONVERSION = YES_AGGRESSIVE;
				CLANG_CXX_LANGUAGE_STANDARD = "gnu++14";
				CLANG_CXX_LIBRARY = "libc++";
				CLANG_ENABLE_MODULES = YES;
				CLANG_ENABLE_OBJC_ARC = YES;
				CLANG_ENABLE_OBJC_WEAK = YES;
				CLANG_WARN_BLOCK_CAPTURE_AUTORELEASING = YES;
				CLANG_WARN_BOOL_CONVERSION = YES;
				CLANG_WARN_COMMA = YES;
				CLANG_WARN_CONSTANT_CONVERSION = YES;
				CLANG_WARN_DEPRECATED_OBJC_IMPLEMENTATIONS = YES;
				CLANG_WARN_DIRECT_OBJC_ISA_USAGE = YES_ERROR;
				CLANG_WARN_DOCUMENTATION_COMMENTS = YES;
				CLANG_WARN_EMPTY_BODY = YES;
				CLANG_WARN_ENUM_CONVERSION = YES;
				CLANG_WARN_INFINITE_RECURSION = YES;
				CLANG_WARN_INT_CONVERSION = YES;
				CLANG_WARN_NON_LITERAL_NULL_CONVERSION = YES;
				CLANG_WARN_OBJC_IMPLICIT_RETAIN_SELF = YES;
				CLANG_WARN_OBJC_LITERAL_CONVERSION = YES;
				CLANG_WARN_OBJC_ROOT_CLASS = YES_ERROR;
				CLANG_WARN_QUOTED_INCLUDE_IN_FRAMEWORK_HEADER = YES;
				CLANG_WARN_RANGE_LOOP_ANALYSIS = YES;
				CLANG_WARN_STRICT_PROTOTYPES = YES;
				CLANG_WARN_SUSPICIOUS_MOVE = YES;
				CLANG_WARN_UNGUARDED_AVAILABILITY = YES_AGGRESSIVE;
				CLANG_WARN_UNREACHABLE_CODE = YES;
				CLANG_WARN__DUPLICATE_METHOD_MATCH = YES;
				COPY_PHASE_STRIP = NO;
				DEBUG_INFORMATION_FORMAT = "dwarf-with-dsym";
				ENABLE_NS_ASSERTIONS = NO;
				ENABLE_STRICT_OBJC_MSGSEND = YES;
				GCC_C_LANGUAGE_STANDARD = gnu11;
				GCC_NO_COMMON_BLOCKS = YES;
				GCC_WARN_64_TO_32_BIT_CONVERSION = YES;
				GCC_WARN_ABOUT_RETURN_TYPE = YES_ERROR;
				GCC_WARN_UNDECLARED_SELECTOR = YES;
				GCC_WARN_UNINITIALIZED_AUTOS = YES_AGGRESSIVE;
				GCC_WARN_UNUSED_FUNCTION = YES;
				GCC_WARN_UNUSED_VARIABLE = YES;
				IPHONEOS_DEPLOYMENT_TARGET = 17.0;
				MTL_ENABLE_DEBUG_INFO = NO;
				MTL_FAST_MATH = YES;
				PRODUCT_NAME = "$(TARGET_NAME)";
				SDKROOT = iphoneos;
				SWIFT_COMPILATION_MODE = wholemodule;
				SWIFT_OPTIMIZATION_LEVEL = "-O";
				SWIFT_VERSION = 5.0;
			};
			name = Release;
		};
		46655EBD6A58ADED20A23AD9 /* Debug */ = {
			isa = XCBuildConfiguration;
			buildSettings = {
				BUNDLE_LOADER = "$(TEST_HOST)";
				CODE_SIGN_STYLE = Automatic;
				DEVELOPMENT_TEAM = 42WF5JQ74Y;
				GENERATE_INFOPLIST_FILE = YES;
				LD_RUNPATH_SEARCH_PATHS = (
					"$(inherited)",
					"@executable_path/Frameworks",
					"@loader_path/Frameworks",
				);
				PRODUCT_BUNDLE_IDENTIFIER = com.jklwjr.PaperReaderUITests;
				SDKROOT = iphoneos;
				SWIFT_VERSION = 5.9;
				TARGETED_DEVICE_FAMILY = 1;
				TEST_TARGET_NAME = PaperReader;
			};
			name = Debug;
		};
		6BB54F601FB147B2D41DA0E1 /* Debug */ = {
			isa = XCBuildConfiguration;
			buildSettings = {
				ASSETCATALOG_COMPILER_APPICON_NAME = AppIcon;
				CODE_SIGN_IDENTITY = "iPhone Developer";
				CODE_SIGN_STYLE = Automatic;
				DEVELOPMENT_TEAM = 42WF5JQ74Y;
				INFOPLIST_FILE = PaperReader/Support/Info.plist;
				INFOPLIST_KEY_CFBundleDisplayName = "Paper Reader";
				LD_RUNPATH_SEARCH_PATHS = (
					"$(inherited)",
					"@executable_path/Frameworks",
				);
				PRODUCT_BUNDLE_IDENTIFIER = com.jklwjr.PaperReader;
				SDKROOT = iphoneos;
				SWIFT_VERSION = 5.9;
				TARGETED_DEVICE_FAMILY = 1;
			};
			name = Debug;
		};
		D8C0D1694C8491726A14E8FD /* Debug */ = {
			isa = XCBuildConfiguration;
			buildSettings = {
				ALWAYS_SEARCH_USER_PATHS = NO;
				CLANG_ANALYZER_NONNULL = YES;
				CLANG_ANALYZER_NUMBER_OBJECT_CONVERSION = YES_AGGRESSIVE;
				CLANG_CXX_LANGUAGE_STANDARD = "gnu++14";
				CLANG_CXX_LIBRARY = "libc++";
				CLANG_ENABLE_MODULES = YES;
				CLANG_ENABLE_OBJC_ARC = YES;
				CLANG_ENABLE_OBJC_WEAK = YES;
				CLANG_WARN_BLOCK_CAPTURE_AUTORELEASING = YES;
				CLANG_WARN_BOOL_CONVERSION = YES;
				CLANG_WARN_COMMA = YES;
				CLANG_WARN_CONSTANT_CONVERSION = YES;
				CLANG_WARN_DEPRECATED_OBJC_IMPLEMENTATIONS = YES;
				CLANG_WARN_DIRECT_OBJC_ISA_USAGE = YES_ERROR;
				CLANG_WARN_DOCUMENTATION_COMMENTS = YES;
				CLANG_WARN_EMPTY_BODY = YES;
				CLANG_WARN_ENUM_CONVERSION = YES;
				CLANG_WARN_INFINITE_RECURSION = YES;
				CLANG_WARN_INT_CONVERSION = YES;
				CLANG_WARN_NON_LITERAL_NULL_CONVERSION = YES;
				CLANG_WARN_OBJC_IMPLICIT_RETAIN_SELF = YES;
				CLANG_WARN_OBJC_LITERAL_CONVERSION = YES;
				CLANG_WARN_OBJC_ROOT_CLASS = YES_ERROR;
				CLANG_WARN_QUOTED_INCLUDE_IN_FRAMEWORK_HEADER = YES;
				CLANG_WARN_RANGE_LOOP_ANALYSIS = YES;
				CLANG_WARN_STRICT_PROTOTYPES = YES;
				CLANG_WARN_SUSPICIOUS_MOVE = YES;
				CLANG_WARN_UNGUARDED_AVAILABILITY = YES_AGGRESSIVE;
				CLANG_WARN_UNREACHABLE_CODE = YES;
				CLANG_WARN__DUPLICATE_METHOD_MATCH = YES;
				COPY_PHASE_STRIP = NO;
				DEBUG_INFORMATION_FORMAT = dwarf;
				ENABLE_STRICT_OBJC_MSGSEND = YES;
				ENABLE_TESTABILITY = YES;
				GCC_C_LANGUAGE_STANDARD = gnu11;
				GCC_DYNAMIC_NO_PIC = NO;
				GCC_NO_COMMON_BLOCKS = YES;
				GCC_OPTIMIZATION_LEVEL = 0;
				GCC_PREPROCESSOR_DEFINITIONS = (
					"$(inherited)",
					"DEBUG=1",
				);
				GCC_WARN_64_TO_32_BIT_CONVERSION = YES;
				GCC_WARN_ABOUT_RETURN_TYPE = YES_ERROR;
				GCC_WARN_UNDECLARED_SELECTOR = YES;
				GCC_WARN_UNINITIALIZED_AUTOS = YES_AGGRESSIVE;
				GCC_WARN_UNUSED_FUNCTION = YES;
				GCC_WARN_UNUSED_VARIABLE = YES;
				IPHONEOS_DEPLOYMENT_TARGET = 17.0;
				MTL_ENABLE_DEBUG_INFO = INCLUDE_SOURCE;
				MTL_FAST_MATH = YES;
				ONLY_ACTIVE_ARCH = YES;
				PRODUCT_NAME = "$(TARGET_NAME)";
				SDKROOT = iphoneos;
				SWIFT_ACTIVE_COMPILATION_CONDITIONS = DEBUG;
				SWIFT_OPTIMIZATION_LEVEL = "-Onone";
				SWIFT_VERSION = 5.0;
			};
			name = Debug;
		};
		DF10F2295D1428E20B3800A0 /* Release */ = {
			isa = XCBuildConfiguration;
			buildSettings = {
				BUNDLE_LOADER = "$(TEST_HOST)";
				CODE_SIGN_STYLE = Automatic;
				DEVELOPMENT_TEAM = 42WF5JQ74Y;
				GENERATE_INFOPLIST_FILE = YES;
				LD_RUNPATH_SEARCH_PATHS = (
					"$(inherited)",
					"@executable_path/Frameworks",
					"@loader_path/Frameworks",
				);
				PRODUCT_BUNDLE_IDENTIFIER = com.jklwjr.PaperReaderUITests;
				SDKROOT = iphoneos;
				SWIFT_VERSION = 5.9;
				TARGETED_DEVICE_FAMILY = 1;
				TEST_TARGET_NAME = PaperReader;
			};
			name = Release;
		};
		E05D8F063296BD418AFCEDF2 /* Release */ = {
			isa = XCBuildConfiguration;
			buildSettings = {
				ASSETCATALOG_COMPILER_APPICON_NAME = AppIcon;
				CODE_SIGN_IDENTITY = "iPhone Developer";
				CODE_SIGN_STYLE = Automatic;
				DEVELOPMENT_TEAM = 42WF5JQ74Y;
				INFOPLIST_FILE = PaperReader/Support/Info.plist;
				INFOPLIST_KEY_CFBundleDisplayName = "Paper Reader";
				LD_RUNPATH_SEARCH_PATHS = (
					"$(inherited)",
					"@executable_path/Frameworks",
				);
				PRODUCT_BUNDLE_IDENTIFIER = com.jklwjr.PaperReader;
				SDKROOT = iphoneos;
				SWIFT_VERSION = 5.9;
				TARGETED_DEVICE_FAMILY = 1;
			};
			name = Release;
		};
/* End XCBuildConfiguration section */

/* Begin XCConfigurationList section */
		5CC64B98EBF78C2716057410 /* Build configuration list for PBXProject "PaperReader" */ = {
			isa = XCConfigurationList;
			buildConfigurations = (
				D8C0D1694C8491726A14E8FD /* Debug */,
				176867FAE6740ECFF9E28A20 /* Release */,
			);
			defaultConfigurationIsVisible = 0;
			defaultConfigurationName = Debug;
		};
		8B5144D345A5F34D32ABC3A8 /* Build configuration list for PBXNativeTarget "PaperReaderUITests" */ = {
			isa = XCConfigurationList;
			buildConfigurations = (
				46655EBD6A58ADED20A23AD9 /* Debug */,
				DF10F2295D1428E20B3800A0 /* Release */,
			);
			defaultConfigurationIsVisible = 0;
			defaultConfigurationName = Debug;
		};
		BAB1BBE9C4FA5133569B89C3 /* Build configuration list for PBXNativeTarget "PaperReader" */ = {
			isa = XCConfigurationList;
			buildConfigurations = (
				6BB54F601FB147B2D41DA0E1 /* Debug */,
				E05D8F063296BD418AFCEDF2 /* Release */,
			);
			defaultConfigurationIsVisible = 0;
			defaultConfigurationName = Debug;
		};
/* End XCConfigurationList section */
	};
	rootObject = 881748060D3D0F573A304C5C /* Project object */;
}
